// !$*UTF8*$!
{
	archiveVersion = 1;
	classes = {
	};
	objectVersion = 46;
	objects = {

/* Begin PBXBuildFile section */
		263720E91EF6ED1C00A513C0 /* AppDelegate.swift in Sources */ = {isa = PBXBuildFile; fileRef = 263720E81EF6ED1C00A513C0 /* AppDelegate.swift */; };
		263720EB1EF6ED1C00A513C0 /* GameScene.sks in Resources */ = {isa = PBXBuildFile; fileRef = 263720EA1EF6ED1C00A513C0 /* GameScene.sks */; };
		263720ED1EF6ED1C00A513C0 /* Actions.sks in Resources */ = {isa = PBXBuildFile; fileRef = 263720EC1EF6ED1C00A513C0 /* Actions.sks */; };
		263720EF1EF6ED1C00A513C0 /* GameScene.swift in Sources */ = {isa = PBXBuildFile; fileRef = 263720EE1EF6ED1C00A513C0 /* GameScene.swift */; };
		263720F11EF6ED1C00A513C0 /* GameViewController.swift in Sources */ = {isa = PBXBuildFile; fileRef = 263720F01EF6ED1C00A513C0 /* GameViewController.swift */; };
		263720F41EF6ED1C00A513C0 /* Main.storyboard in Resources */ = {isa = PBXBuildFile; fileRef = 263720F21EF6ED1C00A513C0 /* Main.storyboard */; };
		263720F61EF6ED1C00A513C0 /* Assets.xcassets in Resources */ = {isa = PBXBuildFile; fileRef = 263720F51EF6ED1C00A513C0 /* Assets.xcassets */; };
		263720F91EF6ED1C00A513C0 /* LaunchScreen.storyboard in Resources */ = {isa = PBXBuildFile; fileRef = 263720F71EF6ED1C00A513C0 /* LaunchScreen.storyboard */; };
		263721041EF6ED1C00A513C0 /* My_First_GameTests.swift in Sources */ = {isa = PBXBuildFile; fileRef = 263721031EF6ED1C00A513C0 /* My_First_GameTests.swift */; };
		2637210F1EF6ED1C00A513C0 /* My_First_GameUITests.swift in Sources */ = {isa = PBXBuildFile; fileRef = 2637210E1EF6ED1C00A513C0 /* My_First_GameUITests.swift */; };
/* End PBXBuildFile section */

/* Begin PBXContainerItemProxy section */
		263721001EF6ED1C00A513C0 /* PBXContainerItemProxy */ = {
			isa = PBXContainerItemProxy;
			containerPortal = 263720DD1EF6ED1B00A513C0 /* Project object */;
			proxyType = 1;
			remoteGlobalIDString = 263720E41EF6ED1B00A513C0;
			remoteInfo = "My First Game";
		};
		2637210B1EF6ED1C00A513C0 /* PBXContainerItemProxy */ = {
			isa = PBXContainerItemProxy;
			containerPortal = 263720DD1EF6ED1B00A513C0 /* Project object */;
			proxyType = 1;
			remoteGlobalIDString = 263720E41EF6ED1B00A513C0;
			remoteInfo = "My First Game";
		};
/* End PBXContainerItemProxy section */

/* Begin PBXFileReference section */
		263720E51EF6ED1B00A513C0 /* My First Game.app */ = {isa = PBXFileReference; explicitFileType = wrapper.application; includeInIndex = 0; path = "My First Game.app"; sourceTree = BUILT_PRODUCTS_DIR; };
		263720E81EF6ED1C00A513C0 /* AppDelegate.swift */ = {isa = PBXFileReference; lastKnownFileType = sourcecode.swift; path = AppDelegate.swift; sourceTree = "<group>"; };
		263720EA1EF6ED1C00A513C0 /* GameScene.sks */ = {isa = PBXFileReference; lastKnownFileType = file.sks; path = GameScene.sks; sourceTree = "<group>"; };
		263720EC1EF6ED1C00A513C0 /* Actions.sks */ = {isa = PBXFileReference; lastKnownFileType = file.sks; path = Actions.sks; sourceTree = "<group>"; };
		263720EE1EF6ED1C00A513C0 /* GameScene.swift */ = {isa = PBXFileReference; lastKnownFileType = sourcecode.swift; path = GameScene.swift; sourceTree = "<group>"; };
		263720F01EF6ED1C00A513C0 /* GameViewController.swift */ = {isa = PBXFileReference; lastKnownFileType = sourcecode.swift; path = GameViewController.swift; sourceTree = "<group>"; };
		263720F31EF6ED1C00A513C0 /* Base */ = {isa = PBXFileReference; lastKnownFileType = file.storyboard; name = Base; path = Base.lproj/Main.storyboard; sourceTree = "<group>"; };
		263720F51EF6ED1C00A513C0 /* Assets.xcassets */ = {isa = PBXFileReference; lastKnownFileType = folder.assetcatalog; path = Assets.xcassets; sourceTree = "<group>"; };
		263720F81EF6ED1C00A513C0 /* Base */ = {isa = PBXFileReference; lastKnownFileType = file.storyboard; name = Base; path = Base.lproj/LaunchScreen.storyboard; sourceTree = "<group>"; };
		263720FA1EF6ED1C00A513C0 /* Info.plist */ = {isa = PBXFileReference; lastKnownFileType = text.plist.xml; path = Info.plist; sourceTree = "<group>"; };
		263720FF1EF6ED1C00A513C0 /* My First GameTests.xctest */ = {isa = PBXFileReference; explicitFileType = wrapper.cfbundle; includeInIndex = 0; path = "My First GameTests.xctest"; sourceTree = BUILT_PRODUCTS_DIR; };
		263721031EF6ED1C00A513C0 /* My_First_GameTests.swift */ = {isa = PBXFileReference; lastKnownFileType = sourcecode.swift; path = My_First_GameTests.swift; sourceTree = "<group>"; };
		263721051EF6ED1C00A513C0 /* Info.plist */ = {isa = PBXFileReference; lastKnownFileType = text.plist.xml; path = Info.plist; sourceTree = "<group>"; };
		2637210A1EF6ED1C00A513C0 /* My First GameUITests.xctest */ = {isa = PBXFileReference; explicitFileType = wrapper.cfbundle; includeInIndex = 0; path = "My First GameUITests.xctest"; sourceTree = BUILT_PRODUCTS_DIR; };
		2637210E1EF6ED1C00A513C0 /* My_First_GameUITests.swift */ = {isa = PBXFileReference; lastKnownFileType = sourcecode.swift; path = My_First_GameUITests.swift; sourceTree = "<group>"; };
		263721101EF6ED1C00A513C0 /* Info.plist */ = {isa = PBXFileReference; lastKnownFileType = text.plist.xml; path = Info.plist; sourceTree = "<group>"; };
/* End PBXFileReference section */

/* Begin PBXFrameworksBuildPhase section */
		263720E21EF6ED1B00A513C0 /* Frameworks */ = {
			isa = PBXFrameworksBuildPhase;
			buildActionMask = 2147483647;
			files = (
			);
			runOnlyForDeploymentPostprocessing = 0;
		};
		263720FC1EF6ED1C00A513C0 /* Frameworks */ = {
			isa = PBXFrameworksBuildPhase;
			buildActionMask = 2147483647;
			files = (
			);
			runOnlyForDeploymentPostprocessing = 0;
		};
		263721071EF6ED1C00A513C0 /* Frameworks */ = {
			isa = PBXFrameworksBuildPhase;
			buildActionMask = 2147483647;
			files = (
			);
			runOnlyForDeploymentPostprocessing = 0;
		};
/* End PBXFrameworksBuildPhase section */

/* Begin PBXGroup section */
		263720DC1EF6ED1B00A513C0 = {
			isa = PBXGroup;
			children = (
				263720E71EF6ED1B00A513C0 /* My First Game */,
				263721021EF6ED1C00A513C0 /* My First GameTests */,
				2637210D1EF6ED1C00A513C0 /* My First GameUITests */,
				263720E61EF6ED1B00A513C0 /* Products */,
			);
			sourceTree = "<group>";
		};
		263720E61EF6ED1B00A513C0 /* Products */ = {
			isa = PBXGroup;
			children = (
				263720E51EF6ED1B00A513C0 /* My First Game.app */,
				263720FF1EF6ED1C00A513C0 /* My First GameTests.xctest */,
				2637210A1EF6ED1C00A513C0 /* My First GameUITests.xctest */,
			);
			name = Products;
			sourceTree = "<group>";
		};
		263720E71EF6ED1B00A513C0 /* My First Game */ = {
			isa = PBXGroup;
			children = (
				263720E81EF6ED1C00A513C0 /* AppDelegate.swift */,
				263720EA1EF6ED1C00A513C0 /* GameScene.sks */,
				263720EC1EF6ED1C00A513C0 /* Actions.sks */,
				263720EE1EF6ED1C00A513C0 /* GameScene.swift */,
				263720F01EF6ED1C00A513C0 /* GameViewController.swift */,
				263720F21EF6ED1C00A513C0 /* Main.storyboard */,
				263720F51EF6ED1C00A513C0 /* Assets.xcassets */,
				263720F71EF6ED1C00A513C0 /* LaunchScreen.storyboard */,
				263720FA1EF6ED1C00A513C0 /* Info.plist */,
			);
			path = "My First Game";
			sourceTree = "<group>";
		};
		263721021EF6ED1C00A513C0 /* My First GameTests */ = {
			isa = PBXGroup;
			children = (
				263721031EF6ED1C00A513C0 /* My_First_GameTests.swift */,
				263721051EF6ED1C00A513C0 /* Info.plist */,
			);
			path = "My First GameTests";
			sourceTree = "<group>";
		};
		2637210D1EF6ED1C00A513C0 /* My First GameUITests */ = {
			isa = PBXGroup;
			children = (
				2637210E1EF6ED1C00A513C0 /* My_First_GameUITests.swift */,
				263721101EF6ED1C00A513C0 /* Info.plist */,
			);
			path = "My First GameUITests";
			sourceTree = "<group>";
		};
/* End PBXGroup section */

/* Begin PBXNativeTarget section */
		263720E41EF6ED1B00A513C0 /* My First Game */ = {
			isa = PBXNativeTarget;
			buildConfigurationList = 263721131EF6ED1C00A513C0 /* Build configuration list for PBXNativeTarget "My First Game" */;
			buildPhases = (
				263720E11EF6ED1B00A513C0 /* Sources */,
				263720E21EF6ED1B00A513C0 /* Frameworks */,
				263720E31EF6ED1B00A513C0 /* Resources */,
			);
			buildRules = (
			);
			dependencies = (
			);
			name = "My First Game";
			productName = "My First Game";
			productReference = 263720E51EF6ED1B00A513C0 /* My First Game.app */;
			productType = "com.apple.product-type.application";
		};
		263720FE1EF6ED1C00A513C0 /* My First GameTests */ = {
			isa = PBXNativeTarget;
			buildConfigurationList = 263721161EF6ED1C00A513C0 /* Build configuration list for PBXNativeTarget "My First GameTests" */;
			buildPhases = (
				263720FB1EF6ED1C00A513C0 /* Sources */,
				263720FC1EF6ED1C00A513C0 /* Frameworks */,
				263720FD1EF6ED1C00A513C0 /* Resources */,
			);
			buildRules = (
			);
			dependencies = (
				263721011EF6ED1C00A513C0 /* PBXTargetDependency */,
			);
			name = "My First GameTests";
			productName = "My First GameTests";
			productReference = 263720FF1EF6ED1C00A513C0 /* My First GameTests.xctest */;
			productType = "com.apple.product-type.bundle.unit-test";
		};
		263721091EF6ED1C00A513C0 /* My First GameUITests */ = {
			isa = PBXNativeTarget;
			buildConfigurationList = 263721191EF6ED1C00A513C0 /* Build configuration list for PBXNativeTarget "My First GameUITests" */;
			buildPhases = (
				263721061EF6ED1C00A513C0 /* Sources */,
				263721071EF6ED1C00A513C0 /* Frameworks */,
				263721081EF6ED1C00A513C0 /* Resources */,
			);
			buildRules = (
			);
			dependencies = (
				2637210C1EF6ED1C00A513C0 /* PBXTargetDependency */,
			);
			name = "My First GameUITests";
			productName = "My First GameUITests";
			productReference = 2637210A1EF6ED1C00A513C0 /* My First GameUITests.xctest */;
			productType = "com.apple.product-type.bundle.ui-testing";
		};
/* End PBXNativeTarget section */

/* Begin PBXProject section */
		263720DD1EF6ED1B00A513C0 /* Project object */ = {
			isa = PBXProject;
			attributes = {
				LastSwiftUpdateCheck = 0830;
				LastUpgradeCheck = 0830;
				ORGANIZATIONNAME = Sami;
				TargetAttributes = {
					263720E41EF6ED1B00A513C0 = {
						CreatedOnToolsVersion = 8.3.3;
						ProvisioningStyle = Automatic;
					};
					263720FE1EF6ED1C00A513C0 = {
						CreatedOnToolsVersion = 8.3.3;
						ProvisioningStyle = Automatic;
						TestTargetID = 263720E41EF6ED1B00A513C0;
					};
					263721091EF6ED1C00A513C0 = {
						CreatedOnToolsVersion = 8.3.3;
						ProvisioningStyle = Automatic;
						TestTargetID = 263720E41EF6ED1B00A513C0;
					};
				};
			};
			buildConfigurationList = 263720E01EF6ED1B00A513C0 /* Build configuration list for PBXProject "My First Game" */;
			compatibilityVersion = "Xcode 3.2";
			developmentRegion = English;
			hasScannedForEncodings = 0;
			knownRegions = (
				en,
				Base,
			);
			mainGroup = 263720DC1EF6ED1B00A513C0;
			productRefGroup = 263720E61EF6ED1B00A513C0 /* Products */;
			projectDirPath = "";
			projectRoot = "";
			targets = (
				263720E41EF6ED1B00A513C0 /* My First Game */,
				263720FE1EF6ED1C00A513C0 /* My First GameTests */,
				263721091EF6ED1C00A513C0 /* My First GameUITests */,
			);
		};
/* End PBXProject section */

/* Begin PBXResourcesBuildPhase section */
		263720E31EF6ED1B00A513C0 /* Resources */ = {
			isa = PBXResourcesBuildPhase;
			buildActionMask = 2147483647;
			files = (
				263720F41EF6ED1C00A513C0 /* Main.storyboard in Resources */,
				263720EB1EF6ED1C00A513C0 /* GameScene.sks in Resources */,
				263720F61EF6ED1C00A513C0 /* Assets.xcassets in Resources */,
				263720F91EF6ED1C00A513C0 /* LaunchScreen.storyboard in Resources */,
				263720ED1EF6ED1C00A513C0 /* Actions.sks in Resources */,
			);
			runOnlyForDeploymentPostprocessing = 0;
		};
		263720FD1EF6ED1C00A513C0 /* Resources */ = {
			isa = PBXResourcesBuildPhase;
			buildActionMask = 2147483647;
			files = (
			);
			runOnlyForDeploymentPostprocessing = 0;
		};
		263721081EF6ED1C00A513C0 /* Resources */ = {
			isa = PBXResourcesBuildPhase;
			buildActionMask = 2147483647;
			files = (
			);
			runOnlyForDeploymentPostprocessing = 0;
		};
/* End PBXResourcesBuildPhase section */

/* Begin PBXSourcesBuildPhase section */
		263720E11EF6ED1B00A513C0 /* Sources */ = {
			isa = PBXSourcesBuildPhase;
			buildActionMask = 2147483647;
			files = (
				263720EF1EF6ED1C00A513C0 /* GameScene.swift in Sources */,
				263720F11EF6ED1C00A513C0 /* GameViewController.swift in Sources */,
				263720E91EF6ED1C00A513C0 /* AppDelegate.swift in Sources */,
			);
			runOnlyForDeploymentPostprocessing = 0;
		};
		263720FB1EF6ED1C00A513C0 /* Sources */ = {
			isa = PBXSourcesBuildPhase;
			buildActionMask = 2147483647;
			files = (
				263721041EF6ED1C00A513C0 /* My_First_GameTests.swift in Sources */,
			);
			runOnlyForDeploymentPostprocessing = 0;
		};
		263721061EF6ED1C00A513C0 /* Sources */ = {
			isa = PBXSourcesBuildPhase;
			buildActionMask = 2147483647;
			files = (
				2637210F1EF6ED1C00A513C0 /* My_First_GameUITests.swift in Sources */,
			);
			runOnlyForDeploymentPostprocessing = 0;
		};
/* End PBXSourcesBuildPhase section */

/* Begin PBXTargetDependency section */
		263721011EF6ED1C00A513C0 /* PBXTargetDependency */ = {
			isa = PBXTargetDependency;
			target = 263720E41EF6ED1B00A513C0 /* My First Game */;
			targetProxy = 263721001EF6ED1C00A513C0 /* PBXContainerItemProxy */;
		};
		2637210C1EF6ED1C00A513C0 /* PBXTargetDependency */ = {
			isa = PBXTargetDependency;
			target = 263720E41EF6ED1B00A513C0 /* My First Game */;
			targetProxy = 2637210B1EF6ED1C00A513C0 /* PBXContainerItemProxy */;
		};
/* End PBXTargetDependency section */

/* Begin PBXVariantGroup section */
		263720F21EF6ED1C00A513C0 /* Main.storyboard */ = {
			isa = PBXVariantGroup;
			children = (
				263720F31EF6ED1C00A513C0 /* Base */,
			);
			name = Main.storyboard;
			sourceTree = "<group>";
		};
		263720F71EF6ED1C00A513C0 /* LaunchScreen.storyboard */ = {
			isa = PBXVariantGroup;
			children = (
				263720F81EF6ED1C00A513C0 /* Base */,
			);
			name = LaunchScreen.storyboard;
			sourceTree = "<group>";
		};
/* End PBXVariantGroup section */

/* Begin XCBuildConfiguration section */
		263721111EF6ED1C00A513C0 /* Debug */ = {
			isa = XCBuildConfiguration;
			buildSettings = {
				ALWAYS_SEARCH_USER_PATHS = NO;
				CLANG_ANALYZER_NONNULL = YES;
				CLANG_ANALYZER_NUMBER_OBJECT_CONVERSION = YES_AGGRESSIVE;
				CLANG_CXX_LANGUAGE_STANDARD = "gnu++0x";
				CLANG_CXX_LIBRARY = "libc++";
				CLANG_ENABLE_MODULES = YES;
				CLANG_ENABLE_OBJC_ARC = YES;
				CLANG_WARN_BOOL_CONVERSION = YES;
				CLANG_WARN_CONSTANT_CONVERSION = YES;
				CLANG_WARN_DIRECT_OBJC_ISA_USAGE = YES_ERROR;
				CLANG_WARN_DOCUMENTATION_COMMENTS = YES;
				CLANG_WARN_EMPTY_BODY = YES;
				CLANG_WARN_ENUM_CONVERSION = YES;
				CLANG_WARN_INFINITE_RECURSION = YES;
				CLANG_WARN_INT_CONVERSION = YES;
				CLANG_WARN_OBJC_ROOT_CLASS = YES_ERROR;
				CLANG_WARN_SUSPICIOUS_MOVE = YES;
				CLANG_WARN_UNREACHABLE_CODE = YES;
				CLANG_WARN__DUPLICATE_METHOD_MATCH = YES;
				"CODE_SIGN_IDENTITY[sdk=iphoneos*]" = "iPhone Developer";
				COPY_PHASE_STRIP = NO;
				DEBUG_INFORMATION_FORMAT = dwarf;
				ENABLE_STRICT_OBJC_MSGSEND = YES;
				ENABLE_TESTABILITY = YES;
				GCC_C_LANGUAGE_STANDARD = gnu99;
				GCC_DYNAMIC_NO_PIC = NO;
				GCC_NO_COMMON_BLOCKS = YES;
				GCC_OPTIMIZATION_LEVEL = 0;
				GCC_PREPROCESSOR_DEFINITIONS = (
					"DEBUG=1",
					"$(inherited)",
				);
				GCC_WARN_64_TO_32_BIT_CONVERSION = YES;
				GCC_WARN_ABOUT_RETURN_TYPE = YES_ERROR;
				GCC_WARN_UNDECLARED_SELECTOR = YES;
				GCC_WARN_UNINITIALIZED_AUTOS = YES_AGGRESSIVE;
				GCC_WARN_UNUSED_FUNCTION = YES;
				GCC_WARN_UNUSED_VARIABLE = YES;
				IPHONEOS_DEPLOYMENT_TARGET = 10.3;
				MTL_ENABLE_DEBUG_INFO = YES;
				ONLY_ACTIVE_ARCH = YES;
				SDKROOT = iphoneos;
				SWIFT_ACTIVE_COMPILATION_CONDITIONS = DEBUG;
				SWIFT_OPTIMIZATION_LEVEL = "-Onone";
				TARGETED_DEVICE_FAMILY = "1,2";
			};
			name = Debug;
		};
		263721121EF6ED1C00A513C0 /* Release */ = {
			isa = XCBuildConfiguration;
			buildSettings = {
				ALWAYS_SEARCH_USER_PATHS = NO;
				CLANG_ANALYZER_NONNULL = YES;
				CLANG_ANALYZER_NUMBER_OBJECT_CONVERSION = YES_AGGRESSIVE;
				CLANG_CXX_LANGUAGE_STANDARD = "gnu++0x";
				CLANG_CXX_LIBRARY = "libc++";
				CLANG_ENABLE_MODULES = YES;
				CLANG_ENABLE_OBJC_ARC = YES;
				CLANG_WARN_BOOL_CONVERSION = YES;
				CLANG_WARN_CONSTANT_CONVERSION = YES;
				CLANG_WARN_DIRECT_OBJC_ISA_USAGE = YES_ERROR;
				CLANG_WARN_DOCUMENTATION_COMMENTS = YES;
				CLANG_WARN_EMPTY_BODY = YES;
				CLANG_WARN_ENUM_CONVERSION = YES;
				CLANG_WARN_INFINITE_RECURSION = YES;
				CLANG_WARN_INT_CONVERSION = YES;
				CLANG_WARN_OBJC_ROOT_CLASS = YES_ERROR;
				CLANG_WARN_SUSPICIOUS_MOVE = YES;
				CLANG_WARN_UNREACHABLE_CODE = YES;
				CLANG_WARN__DUPLICATE_METHOD_MATCH = YES;
				"CODE_SIGN_IDENTITY[sdk=iphoneos*]" = "iPhone Developer";
				COPY_PHASE_STRIP = NO;
				DEBUG_INFORMATION_FORMAT = "dwarf-with-dsym";
				ENABLE_NS_ASSERTIONS = NO;
				ENABLE_STRICT_OBJC_MSGSEND = YES;
				GCC_C_LANGUAGE_STANDARD = gnu99;
				GCC_NO_COMMON_BLOCKS = YES;
				GCC_WARN_64_TO_32_BIT_CONVERSION = YES;
				GCC_WARN_ABOUT_RETURN_TYPE = YES_ERROR;
				GCC_WARN_UNDECLARED_SELECTOR = YES;
				GCC_WARN_UNINITIALIZED_AUTOS = YES_AGGRESSIVE;
				GCC_WARN_UNUSED_FUNCTION = YES;
				GCC_WARN_UNUSED_VARIABLE = YES;
				IPHONEOS_DEPLOYMENT_TARGET = 10.3;
				MTL_ENABLE_DEBUG_INFO = NO;
				SDKROOT = iphoneos;
				SWIFT_OPTIMIZATION_LEVEL = "-Owholemodule";
				TARGETED_DEVICE_FAMILY = "1,2";
				VALIDATE_PRODUCT = YES;
			};
			name = Release;
		};
		263721141EF6ED1C00A513C0 /* Debug */ = {
			isa = XCBuildConfiguration;
			buildSettings = {
				ASSETCATALOG_COMPILER_APPICON_NAME = AppIcon;
				INFOPLIST_FILE = "My First Game/Info.plist";
				IPHONEOS_DEPLOYMENT_TARGET = 10.3;
				LD_RUNPATH_SEARCH_PATHS = "$(inherited) @executable_path/Frameworks";
				PRODUCT_BUNDLE_IDENTIFIER = "SRM-Industries.My-First-Game";
				PRODUCT_NAME = "$(TARGET_NAME)";
				SWIFT_VERSION = 3.0;
			};
			name = Debug;
		};
		263721151EF6ED1C00A513C0 /* Release */ = {
			isa = XCBuildConfiguration;
			buildSettings = {
				ASSETCATALOG_COMPILER_APPICON_NAME = AppIcon;
				INFOPLIST_FILE = "My First Game/Info.plist";
				IPHONEOS_DEPLOYMENT_TARGET = 10.3;
				LD_RUNPATH_SEARCH_PATHS = "$(inherited) @executable_path/Frameworks";
				PRODUCT_BUNDLE_IDENTIFIER = "SRM-Industries.My-First-Game";
				PRODUCT_NAME = "$(TARGET_NAME)";
				SWIFT_VERSION = 3.0;
			};
			name = Release;
		};
		263721171EF6ED1C00A513C0 /* Debug */ = {
			isa = XCBuildConfiguration;
			buildSettings = {
				ALWAYS_EMBED_SWIFT_STANDARD_LIBRARIES = YES;
				BUNDLE_LOADER = "$(TEST_HOST)";
				INFOPLIST_FILE = "My First GameTests/Info.plist";
				LD_RUNPATH_SEARCH_PATHS = "$(inherited) @executable_path/Frameworks @loader_path/Frameworks";
				PRODUCT_BUNDLE_IDENTIFIER = "SRM-Industries.My-First-GameTests";
				PRODUCT_NAME = "$(TARGET_NAME)";
				SWIFT_VERSION = 3.0;
				TEST_HOST = "$(BUILT_PRODUCTS_DIR)/My First Game.app/My First Game";
			};
			name = Debug;
		};
		263721181EF6ED1C00A513C0 /* Release */ = {
			isa = XCBuildConfiguration;
			buildSettings = {
				ALWAYS_EMBED_SWIFT_STANDARD_LIBRARIES = YES;
				BUNDLE_LOADER = "$(TEST_HOST)";
				INFOPLIST_FILE = "My First GameTests/Info.plist";
				LD_RUNPATH_SEARCH_PATHS = "$(inherited) @executable_path/Frameworks @loader_path/Frameworks";
				PRODUCT_BUNDLE_IDENTIFIER = "SRM-Industries.My-First-GameTests";
				PRODUCT_NAME = "$(TARGET_NAME)";
				SWIFT_VERSION = 3.0;
				TEST_HOST = "$(BUILT_PRODUCTS_DIR)/My First Game.app/My First Game";
			};
			name = Release;
		};
		2637211A1EF6ED1C00A513C0 /* Debug */ = {
			isa = XCBuildConfiguration;
			buildSettings = {
				ALWAYS_EMBED_SWIFT_STANDARD_LIBRARIES = YES;
				INFOPLIST_FILE = "My First GameUITests/Info.plist";
				LD_RUNPATH_SEARCH_PATHS = "$(inherited) @executable_path/Frameworks @loader_path/Frameworks";
				PRODUCT_BUNDLE_IDENTIFIER = "SRM-Industries.My-First-GameUITests";
				PRODUCT_NAME = "$(TARGET_NAME)";
				SWIFT_VERSION = 3.0;
				TEST_TARGET_NAME = "My First Game";
			};
			name = Debug;
		};
		2637211B1EF6ED1C00A513C0 /* Release */ = {
			isa = XCBuildConfiguration;
			buildSettings = {
				ALWAYS_EMBED_SWIFT_STANDARD_LIBRARIES = YES;
				INFOPLIST_FILE = "My First GameUITests/Info.plist";
				LD_RUNPATH_SEARCH_PATHS = "$(inherited) @executable_path/Frameworks @loader_path/Frameworks";
				PRODUCT_BUNDLE_IDENTIFIER = "SRM-Industries.My-First-GameUITests";
				PRODUCT_NAME = "$(TARGET_NAME)";
				SWIFT_VERSION = 3.0;
				TEST_TARGET_NAME = "My First Game";
			};
			name = Release;
		};
/* End XCBuildConfiguration section */

/* Begin XCConfigurationList section */
		263720E01EF6ED1B00A513C0 /* Build configuration list for PBXProject "My First Game" */ = {
			isa = XCConfigurationList;
			buildConfigurations = (
				263721111EF6ED1C00A513C0 /* Debug */,
				263721121EF6ED1C00A513C0 /* Release */,
			);
			defaultConfigurationIsVisible = 0;
			defaultConfigurationName = Release;
		};
		263721131EF6ED1C00A513C0 /* Build configuration list for PBXNativeTarget "My First Game" */ = {
			isa = XCConfigurationList;
			buildConfigurations = (
				263721141EF6ED1C00A513C0 /* Debug */,
				263721151EF6ED1C00A513C0 /* Release */,
			);
			defaultConfigurationIsVisible = 0;
		};
		263721161EF6ED1C00A513C0 /* Build configuration list for PBXNativeTarget "My First GameTests" */ = {
			isa = XCConfigurationList;
			buildConfigurations = (
				263721171EF6ED1C00A513C0 /* Debug */,
				263721181EF6ED1C00A513C0 /* Release */,
			);
			defaultConfigurationIsVisible = 0;
		};
		263721191EF6ED1C00A513C0 /* Build configuration list for PBXNativeTarget "My First GameUITests" */ = {
			isa = XCConfigurationList;
			buildConfigurations = (
				2637211A1EF6ED1C00A513C0 /* Debug */,
				2637211B1EF6ED1C00A513C0 /* Release */,
			);
			defaultConfigurationIsVisible = 0;
		};
/* End XCConfigurationList section */
	};
	rootObject = 263720DD1EF6ED1B00A513C0 /* Project object */;
}
